// !$*UTF8*$!
{
	archiveVersion = 1;
	classes = {
	};
	objectVersion = 55;
	objects = {

/* Begin PBXBuildFile section */
		C052EE0F2877509F005712AB /* MindApp.swift in Sources */ = {isa = PBXBuildFile; fileRef = C052EE0E2877509F005712AB /* MindApp.swift */; };
		C052EE112877509F005712AB /* ContentView.swift in Sources */ = {isa = PBXBuildFile; fileRef = C052EE102877509F005712AB /* ContentView.swift */; };
		C052EE132877509F005712AB /* Assets.xcassets in Resources */ = {isa = PBXBuildFile; fileRef = C052EE122877509F005712AB /* Assets.xcassets */; };
		C052EE162877509F005712AB /* Preview Assets.xcassets in Resources */ = {isa = PBXBuildFile; fileRef = C052EE152877509F005712AB /* Preview Assets.xcassets */; };
		C052EE202877509F005712AB /* MindTests.swift in Sources */ = {isa = PBXBuildFile; fileRef = C052EE1F2877509F005712AB /* MindTests.swift */; };
		C052EE2A2877509F005712AB /* MindUITests.swift in Sources */ = {isa = PBXBuildFile; fileRef = C052EE292877509F005712AB /* MindUITests.swift */; };
		C052EE2C2877509F005712AB /* MindUITestsLaunchTests.swift in Sources */ = {isa = PBXBuildFile; fileRef = C052EE2B2877509F005712AB /* MindUITestsLaunchTests.swift */; };
/* End PBXBuildFile section */

/* Begin PBXContainerItemProxy section */
		C052EE1C2877509F005712AB /* PBXContainerItemProxy */ = {
			isa = PBXContainerItemProxy;
			containerPortal = C052EE032877509F005712AB /* Project object */;
			proxyType = 1;
			remoteGlobalIDString = C052EE0A2877509F005712AB;
			remoteInfo = Mind;
		};
		C052EE262877509F005712AB /* PBXContainerItemProxy */ = {
			isa = PBXContainerItemProxy;
			containerPortal = C052EE032877509F005712AB /* Project object */;
			proxyType = 1;
			remoteGlobalIDString = C052EE0A2877509F005712AB;
			remoteInfo = Mind;
		};
/* End PBXContainerItemProxy section */

/* Begin PBXFileReference section */
		C052EE0B2877509F005712AB /* Mind.app */ = {isa = PBXFileReference; explicitFileType = wrapper.application; includeInIndex = 0; path = Mind.app; sourceTree = BUILT_PRODUCTS_DIR; };
		C052EE0E2877509F005712AB /* MindApp.swift */ = {isa = PBXFileReference; lastKnownFileType = sourcecode.swift; path = MindApp.swift; sourceTree = "<group>"; };
		C052EE102877509F005712AB /* ContentView.swift */ = {isa = PBXFileReference; lastKnownFileType = sourcecode.swift; path = ContentView.swift; sourceTree = "<group>"; };
		C052EE122877509F005712AB /* Assets.xcassets */ = {isa = PBXFileReference; lastKnownFileType = folder.assetcatalog; path = Assets.xcassets; sourceTree = "<group>"; };
		C052EE152877509F005712AB /* Preview Assets.xcassets */ = {isa = PBXFileReference; lastKnownFileType = folder.assetcatalog; path = "Preview Assets.xcassets"; sourceTree = "<group>"; };
		C052EE1B2877509F005712AB /* MindTests.xctest */ = {isa = PBXFileReference; explicitFileType = wrapper.cfbundle; includeInIndex = 0; path = MindTests.xctest; sourceTree = BUILT_PRODUCTS_DIR; };
		C052EE1F2877509F005712AB /* MindTests.swift */ = {isa = PBXFileReference; lastKnownFileType = sourcecode.swift; path = MindTests.swift; sourceTree = "<group>"; };
		C052EE252877509F005712AB /* MindUITests.xctest */ = {isa = PBXFileReference; explicitFileType = wrapper.cfbundle; includeInIndex = 0; path = MindUITests.xctest; sourceTree = BUILT_PRODUCTS_DIR; };
		C052EE292877509F005712AB /* MindUITests.swift */ = {isa = PBXFileReference; lastKnownFileType = sourcecode.swift; path = MindUITests.swift; sourceTree = "<group>"; };
		C052EE2B2877509F005712AB /* MindUITestsLaunchTests.swift */ = {isa = PBXFileReference; lastKnownFileType = sourcecode.swift; path = MindUITestsLaunchTests.swift; sourceTree = "<group>"; };
/* End PBXFileReference section */

/* Begin PBXFrameworksBuildPhase section */
		C052EE082877509F005712AB /* Frameworks */ = {
			isa = PBXFrameworksBuildPhase;
			buildActionMask = 2147483647;
			files = (
			);
			runOnlyForDeploymentPostprocessing = 0;
		};
		C052EE182877509F005712AB /* Frameworks */ = {
			isa = PBXFrameworksBuildPhase;
			buildActionMask = 2147483647;
			files = (
			);
			runOnlyForDeploymentPostprocessing = 0;
		};
		C052EE222877509F005712AB /* Frameworks */ = {
			isa = PBXFrameworksBuildPhase;
			buildActionMask = 2147483647;
			files = (
			);
			runOnlyForDeploymentPostprocessing = 0;
		};
/* End PBXFrameworksBuildPhase section */

/* Begin PBXGroup section */
		C052EE022877509F005712AB = {
			isa = PBXGroup;
			children = (
				C052EE0D2877509F005712AB /* Mind */,
				C052EE1E2877509F005712AB /* MindTests */,
				C052EE282877509F005712AB /* MindUITests */,
				C052EE0C2877509F005712AB /* Products */,
			);
			sourceTree = "<group>";
		};
		C052EE0C2877509F005712AB /* Products */ = {
			isa = PBXGroup;
			children = (
				C052EE0B2877509F005712AB /* Mind.app */,
				C052EE1B2877509F005712AB /* MindTests.xctest */,
				C052EE252877509F005712AB /* MindUITests.xctest */,
			);
			name = Products;
			sourceTree = "<group>";
		};
		C052EE0D2877509F005712AB /* Mind */ = {
			isa = PBXGroup;
			children = (
				C052EE0E2877509F005712AB /* MindApp.swift */,
				C052EE102877509F005712AB /* ContentView.swift */,
				C052EE122877509F005712AB /* Assets.xcassets */,
				C052EE142877509F005712AB /* Preview Content */,
			);
			path = Mind;
			sourceTree = "<group>";
		};
		C052EE142877509F005712AB /* Preview Content */ = {
			isa = PBXGroup;
			children = (
				C052EE152877509F005712AB /* Preview Assets.xcassets */,
			);
			path = "Preview Content";
			sourceTree = "<group>";
		};
		C052EE1E2877509F005712AB /* MindTests */ = {
			isa = PBXGroup;
			children = (
				C052EE1F2877509F005712AB /* MindTests.swift */,
			);
			path = MindTests;
			sourceTree = "<group>";
		};
		C052EE282877509F005712AB /* MindUITests */ = {
			isa = PBXGroup;
			children = (
				C052EE292877509F005712AB /* MindUITests.swift */,
				C052EE2B2877509F005712AB /* MindUITestsLaunchTests.swift */,
			);
			path = MindUITests;
			sourceTree = "<group>";
		};
/* End PBXGroup section */

/* Begin PBXNativeTarget section */
		C052EE0A2877509F005712AB /* Mind */ = {
			isa = PBXNativeTarget;
			buildConfigurationList = C052EE2F2877509F005712AB /* Build configuration list for PBXNativeTarget "Mind" */;
			buildPhases = (
				C052EE072877509F005712AB /* Sources */,
				C052EE082877509F005712AB /* Frameworks */,
				C052EE092877509F005712AB /* Resources */,
			);
			buildRules = (
			);
			dependencies = (
			);
			name = Mind;
			productName = Mind;
			productReference = C052EE0B2877509F005712AB /* Mind.app */;
			productType = "com.apple.product-type.application";
		};
		C052EE1A2877509F005712AB /* MindTests */ = {
			isa = PBXNativeTarget;
			buildConfigurationList = C052EE322877509F005712AB /* Build configuration list for PBXNativeTarget "MindTests" */;
			buildPhases = (
				C052EE172877509F005712AB /* Sources */,
				C052EE182877509F005712AB /* Frameworks */,
				C052EE192877509F005712AB /* Resources */,
			);
			buildRules = (
			);
			dependencies = (
				C052EE1D2877509F005712AB /* PBXTargetDependency */,
			);
			name = MindTests;
			productName = MindTests;
			productReference = C052EE1B2877509F005712AB /* MindTests.xctest */;
			productType = "com.apple.product-type.bundle.unit-test";
		};
		C052EE242877509F005712AB /* MindUITests */ = {
			isa = PBXNativeTarget;
			buildConfigurationList = C052EE352877509F005712AB /* Build configuration list for PBXNativeTarget "MindUITests" */;
			buildPhases = (
				C052EE212877509F005712AB /* Sources */,
				C052EE222877509F005712AB /* Frameworks */,
				C052EE232877509F005712AB /* Resources */,
			);
			buildRules = (
			);
			dependencies = (
				C052EE272877509F005712AB /* PBXTargetDependency */,
			);
			name = MindUITests;
			productName = MindUITests;
			productReference = C052EE252877509F005712AB /* MindUITests.xctest */;
			productType = "com.apple.product-type.bundle.ui-testing";
		};
/* End PBXNativeTarget section */

/* Begin PBXProject section */
		C052EE032877509F005712AB /* Project object */ = {
			isa = PBXProject;
			attributes = {
				BuildIndependentTargetsInParallel = 1;
				LastSwiftUpdateCheck = 1320;
				LastUpgradeCheck = 1320;
				TargetAttributes = {
					C052EE0A2877509F005712AB = {
						CreatedOnToolsVersion = 13.2.1;
					};
					C052EE1A2877509F005712AB = {
						CreatedOnToolsVersion = 13.2.1;
						TestTargetID = C052EE0A2877509F005712AB;
					};
					C052EE242877509F005712AB = {
						CreatedOnToolsVersion = 13.2.1;
						TestTargetID = C052EE0A2877509F005712AB;
					};
				};
			};
			buildConfigurationList = C052EE062877509F005712AB /* Build configuration list for PBXProject "Mind" */;
			compatibilityVersion = "Xcode 13.0";
			developmentRegion = en;
			hasScannedForEncodings = 0;
			knownRegions = (
				en,
				Base,
			);
			mainGroup = C052EE022877509F005712AB;
			productRefGroup = C052EE0C2877509F005712AB /* Products */;
			projectDirPath = "";
			projectRoot = "";
			targets = (
				C052EE0A2877509F005712AB /* Mind */,
				C052EE1A2877509F005712AB /* MindTests */,
				C052EE242877509F005712AB /* MindUITests */,
			);
		};
/* End PBXProject section */

/* Begin PBXResourcesBuildPhase section */
		C052EE092877509F005712AB /* Resources */ = {
			isa = PBXResourcesBuildPhase;
			buildActionMask = 2147483647;
			files = (
				C052EE162877509F005712AB /* Preview Assets.xcassets in Resources */,
				C052EE132877509F005712AB /* Assets.xcassets in Resources */,
			);
			runOnlyForDeploymentPostprocessing = 0;
		};
		C052EE192877509F005712AB /* Resources */ = {
			isa = PBXResourcesBuildPhase;
			buildActionMask = 2147483647;
			files = (
			);
			runOnlyForDeploymentPostprocessing = 0;
		};
		C052EE232877509F005712AB /* Resources */ = {
			isa = PBXResourcesBuildPhase;
			buildActionMask = 2147483647;
			files = (
			);
			runOnlyForDeploymentPostprocessing = 0;
		};
/* End PBXResourcesBuildPhase section */

/* Begin PBXSourcesBuildPhase section */
		C052EE072877509F005712AB /* Sources */ = {
			isa = PBXSourcesBuildPhase;
			buildActionMask = 2147483647;
			files = (
				C052EE112877509F005712AB /* ContentView.swift in Sources */,
				C052EE0F2877509F005712AB /* MindApp.swift in Sources */,
			);
			runOnlyForDeploymentPostprocessing = 0;
		};
		C052EE172877509F005712AB /* Sources */ = {
			isa = PBXSourcesBuildPhase;
			buildActionMask = 2147483647;
			files = (
				C052EE202877509F005712AB /* MindTests.swift in Sources */,
			);
			runOnlyForDeploymentPostprocessing = 0;
		};
		C052EE212877509F005712AB /* Sources */ = {
			isa = PBXSourcesBuildPhase;
			buildActionMask = 2147483647;
			files = (
				C052EE2C2877509F005712AB /* MindUITestsLaunchTests.swift in Sources */,
				C052EE2A2877509F005712AB /* MindUITests.swift in Sources */,
			);
			runOnlyForDeploymentPostprocessing = 0;
		};
/* End PBXSourcesBuildPhase section */

/* Begin PBXTargetDependency section */
		C052EE1D2877509F005712AB /* PBXTargetDependency */ = {
			isa = PBXTargetDependency;
			target = C052EE0A2877509F005712AB /* Mind */;
			targetProxy = C052EE1C2877509F005712AB /* PBXContainerItemProxy */;
		};
		C052EE272877509F005712AB /* PBXTargetDependency */ = {
			isa = PBXTargetDependency;
			target = C052EE0A2877509F005712AB /* Mind */;
			targetProxy = C052EE262877509F005712AB /* PBXContainerItemProxy */;
		};
/* End PBXTargetDependency section */

/* Begin XCBuildConfiguration section */
		C052EE2D2877509F005712AB /* Debug */ = {
			isa = XCBuildConfiguration;
			buildSettings = {
				ALWAYS_SEARCH_USER_PATHS = NO;
				CLANG_ANALYZER_NONNULL = YES;
				CLANG_ANALYZER_NUMBER_OBJECT_CONVERSION = YES_AGGRESSIVE;
				CLANG_CXX_LANGUAGE_STANDARD = "gnu++17";
				CLANG_CXX_LIBRARY = "libc++";
				CLANG_ENABLE_MODULES = YES;
				CLANG_ENABLE_OBJC_ARC = YES;
				CLANG_ENABLE_OBJC_WEAK = YES;
				CLANG_WARN_BLOCK_CAPTURE_AUTORELEASING = YES;
				CLANG_WARN_BOOL_CONVERSION = YES;
				CLANG_WARN_COMMA = YES;
				CLANG_WARN_CONSTANT_CONVERSION = YES;
				CLANG_WARN_DEPRECATED_OBJC_IMPLEMENTATIONS = YES;
				CLANG_WARN_DIRECT_OBJC_ISA_USAGE = YES_ERROR;
				CLANG_WARN_DOCUMENTATION_COMMENTS = YES;
				CLANG_WARN_EMPTY_BODY = YES;
				CLANG_WARN_ENUM_CONVERSION = YES;
				CLANG_WARN_INFINITE_RECURSION = YES;
				CLANG_WARN_INT_CONVERSION = YES;
				CLANG_WARN_NON_LITERAL_NULL_CONVERSION = YES;
				CLANG_WARN_OBJC_IMPLICIT_RETAIN_SELF = YES;
				CLANG_WARN_OBJC_LITERAL_CONVERSION = YES;
				CLANG_WARN_OBJC_ROOT_CLASS = YES_ERROR;
				CLANG_WARN_QUOTED_INCLUDE_IN_FRAMEWORK_HEADER = YES;
				CLANG_WARN_RANGE_LOOP_ANALYSIS = YES;
				CLANG_WARN_STRICT_PROTOTYPES = YES;
				CLANG_WARN_SUSPICIOUS_MOVE = YES;
				CLANG_WARN_UNGUARDED_AVAILABILITY = YES_AGGRESSIVE;
				CLANG_WARN_UNREACHABLE_CODE = YES;
				CLANG_WARN__DUPLICATE_METHOD_MATCH = YES;
				COPY_PHASE_STRIP = NO;
				DEBUG_INFORMATION_FORMAT = dwarf;
				ENABLE_STRICT_OBJC_MSGSEND = YES;
				ENABLE_TESTABILITY = YES;
				GCC_C_LANGUAGE_STANDARD = gnu11;
				GCC_DYNAMIC_NO_PIC = NO;
				GCC_NO_COMMON_BLOCKS = YES;
				GCC_OPTIMIZATION_LEVEL = 0;
				GCC_PREPROCESSOR_DEFINITIONS = (
					"DEBUG=1",
					"$(inherited)",
				);
				GCC_WARN_64_TO_32_BIT_CONVERSION = YES;
				GCC_WARN_ABOUT_RETURN_TYPE = YES_ERROR;
				GCC_WARN_UNDECLARED_SELECTOR = YES;
				GCC_WARN_UNINITIALIZED_AUTOS = YES_AGGRESSIVE;
				GCC_WARN_UNUSED_FUNCTION = YES;
				GCC_WARN_UNUSED_VARIABLE = YES;
				IPHONEOS_DEPLOYMENT_TARGET = 15.2;
				MTL_ENABLE_DEBUG_INFO = INCLUDE_SOURCE;
				MTL_FAST_MATH = YES;
				ONLY_ACTIVE_ARCH = YES;
				SDKROOT = iphoneos;
				SWIFT_ACTIVE_COMPILATION_CONDITIONS = DEBUG;
				SWIFT_OPTIMIZATION_LEVEL = "-Onone";
			};
			name = Debug;
		};
		C052EE2E2877509F005712AB /* Release */ = {
			isa = XCBuildConfiguration;
			buildSettings = {
				ALWAYS_SEARCH_USER_PATHS = NO;
				CLANG_ANALYZER_NONNULL = YES;
				CLANG_ANALYZER_NUMBER_OBJECT_CONVERSION = YES_AGGRESSIVE;
				CLANG_CXX_LANGUAGE_STANDARD = "gnu++17";
				CLANG_CXX_LIBRARY = "libc++";
				CLANG_ENABLE_MODULES = YES;
				CLANG_ENABLE_OBJC_ARC = YES;
				CLANG_ENABLE_OBJC_WEAK = YES;
				CLANG_WARN_BLOCK_CAPTURE_AUTORELEASING = YES;
				CLANG_WARN_BOOL_CONVERSION = YES;
				CLANG_WARN_COMMA = YES;
				CLANG_WARN_CONSTANT_CONVERSION = YES;
				CLANG_WARN_DEPRECATED_OBJC_IMPLEMENTATIONS = YES;
				CLANG_WARN_DIRECT_OBJC_ISA_USAGE = YES_ERROR;
				CLANG_WARN_DOCUMENTATION_COMMENTS = YES;
				CLANG_WARN_EMPTY_BODY = YES;
				CLANG_WARN_ENUM_CONVERSION = YES;
				CLANG_WARN_INFINITE_RECURSION = YES;
				CLANG_WARN_INT_CONVERSION = YES;
				CLANG_WARN_NON_LITERAL_NULL_CONVERSION = YES;
				CLANG_WARN_OBJC_IMPLICIT_RETAIN_SELF = YES;
				CLANG_WARN_OBJC_LITERAL_CONVERSION = YES;
				CLANG_WARN_OBJC_ROOT_CLASS = YES_ERROR;
				CLANG_WARN_QUOTED_INCLUDE_IN_FRAMEWORK_HEADER = YES;
				CLANG_WARN_RANGE_LOOP_ANALYSIS = YES;
				CLANG_WARN_STRICT_PROTOTYPES = YES;
				CLANG_WARN_SUSPICIOUS_MOVE = YES;
				CLANG_WARN_UNGUARDED_AVAILABILITY = YES_AGGRESSIVE;
				CLANG_WARN_UNREACHABLE_CODE = YES;
				CLANG_WARN__DUPLICATE_METHOD_MATCH = YES;
				COPY_PHASE_STRIP = NO;
				DEBUG_INFORMATION_FORMAT = "dwarf-with-dsym";
				ENABLE_NS_ASSERTIONS = NO;
				ENABLE_STRICT_OBJC_MSGSEND = YES;
				GCC_C_LANGUAGE_STANDARD = gnu11;
				GCC_NO_COMMON_BLOCKS = YES;
				GCC_WARN_64_TO_32_BIT_CONVERSION = YES;
				GCC_WARN_ABOUT_RETURN_TYPE = YES_ERROR;
				GCC_WARN_UNDECLARED_SELECTOR = YES;
				GCC_WARN_UNINITIALIZED_AUTOS = YES_AGGRESSIVE;
				GCC_WARN_UNUSED_FUNCTION = YES;
				GCC_WARN_UNUSED_VARIABLE = YES;
				IPHONEOS_DEPLOYMENT_TARGET = 15.2;
				MTL_ENABLE_DEBUG_INFO = NO;
				MTL_FAST_MATH = YES;
				SDKROOT = iphoneos;
				SWIFT_COMPILATION_MODE = wholemodule;
				SWIFT_OPTIMIZATION_LEVEL = "-O";
				VALIDATE_PRODUCT = YES;
			};
			name = Release;
		};
		C052EE302877509F005712AB /* Debug */ = {
			isa = XCBuildConfiguration;
			buildSettings = {
				ASSETCATALOG_COMPILER_APPICON_NAME = AppIcon;
				ASSETCATALOG_COMPILER_GLOBAL_ACCENT_COLOR_NAME = AccentColor;
				CODE_SIGN_STYLE = Automatic;
				CURRENT_PROJECT_VERSION = 1;
				DEVELOPMENT_ASSET_PATHS = "\"Mind/Preview Content\"";
				ENABLE_PREVIEWS = YES;
				GENERATE_INFOPLIST_FILE = YES;
				INFOPLIST_KEY_UIApplicationSceneManifest_Generation = YES;
				INFOPLIST_KEY_UIApplicationSupportsIndirectInputEvents = YES;
				INFOPLIST_KEY_UILaunchScreen_Generation = YES;
				INFOPLIST_KEY_UISupportedInterfaceOrientations_iPad = "UIInterfaceOrientationPortrait UIInterfaceOrientationPortraitUpsideDown UIInterfaceOrientationLandscapeLeft UIInterfaceOrientationLandscapeRight";
				INFOPLIST_KEY_UISupportedInterfaceOrientations_iPhone = "UIInterfaceOrientationPortrait UIInterfaceOrientationLandscapeLeft UIInterfaceOrientationLandscapeRight";
				LD_RUNPATH_SEARCH_PATHS = (
					"$(inherited)",
					"@executable_path/Frameworks",
				);
				MARKETING_VERSION = 1.0;
				PRODUCT_BUNDLE_IDENTIFIER = OurWaveHub.Mind;
				PRODUCT_NAME = "$(TARGET_NAME)";
				SWIFT_EMIT_LOC_STRINGS = YES;
				SWIFT_VERSION = 5.0;
				TARGETED_DEVICE_FAMILY = "1,2";
			};
			name = Debug;
		};
		C052EE312877509F005712AB /* Release */ = {
			isa = XCBuildConfiguration;
			buildSettings = {
				ASSETCATALOG_COMPILER_APPICON_NAME = AppIcon;
				ASSETCATALOG_COMPILER_GLOBAL_ACCENT_COLOR_NAME = AccentColor;
				CODE_SIGN_STYLE = Automatic;
				CURRENT_PROJECT_VERSION = 1;
				DEVELOPMENT_ASSET_PATHS = "\"Mind/Preview Content\"";
				ENABLE_PREVIEWS = YES;
				GENERATE_INFOPLIST_FILE = YES;
				INFOPLIST_KEY_UIApplicationSceneManifest_Generation = YES;
				INFOPLIST_KEY_UIApplicationSupportsIndirectInputEvents = YES;
				INFOPLIST_KEY_UILaunchScreen_Generation = YES;
				INFOPLIST_KEY_UISupportedInterfaceOrientations_iPad = "UIInterfaceOrientationPortrait UIInterfaceOrientationPortraitUpsideDown UIInterfaceOrientationLandscapeLeft UIInterfaceOrientationLandscapeRight";
				INFOPLIST_KEY_UISupportedInterfaceOrientations_iPhone = "UIInterfaceOrientationPortrait UIInterfaceOrientationLandscapeLeft UIInterfaceOrientationLandscapeRight";
				LD_RUNPATH_SEARCH_PATHS = (
					"$(inherited)",
					"@executable_path/Frameworks",
				);
				MARKETING_VERSION = 1.0;
				PRODUCT_BUNDLE_IDENTIFIER = OurWaveHub.Mind;
				PRODUCT_NAME = "$(TARGET_NAME)";
				SWIFT_EMIT_LOC_STRINGS = YES;
				SWIFT_VERSION = 5.0;
				TARGETED_DEVICE_FAMILY = "1,2";
			};
			name = Release;
		};
		C052EE332877509F005712AB /* Debug */ = {
			isa = XCBuildConfiguration;
			buildSettings = {
				ALWAYS_EMBED_SWIFT_STANDARD_LIBRARIES = YES;
				BUNDLE_LOADER = "$(TEST_HOST)";
				CODE_SIGN_STYLE = Automatic;
				CURRENT_PROJECT_VERSION = 1;
				GENERATE_INFOPLIST_FILE = YES;
				IPHONEOS_DEPLOYMENT_TARGET = 15.2;
				MARKETING_VERSION = 1.0;
				PRODUCT_BUNDLE_IDENTIFIER = OurWaveHub.MindTests;
				PRODUCT_NAME = "$(TARGET_NAME)";
				SWIFT_EMIT_LOC_STRINGS = NO;
				SWIFT_VERSION = 5.0;
				TARGETED_DEVICE_FAMILY = "1,2";
				TEST_HOST = "$(BUILT_PRODUCTS_DIR)/Mind.app/Mind";
			};
			name = Debug;
		};
		C052EE342877509F005712AB /* Release */ = {
			isa = XCBuildConfiguration;
			buildSettings = {
				ALWAYS_EMBED_SWIFT_STANDARD_LIBRARIES = YES;
				BUNDLE_LOADER = "$(TEST_HOST)";
				CODE_SIGN_STYLE = Automatic;
				CURRENT_PROJECT_VERSION = 1;
				GENERATE_INFOPLIST_FILE = YES;
				IPHONEOS_DEPLOYMENT_TARGET = 15.2;
				MARKETING_VERSION = 1.0;
				PRODUCT_BUNDLE_IDENTIFIER = OurWaveHub.MindTests;
				PRODUCT_NAME = "$(TARGET_NAME)";
				SWIFT_EMIT_LOC_STRINGS = NO;
				SWIFT_VERSION = 5.0;
				TARGETED_DEVICE_FAMILY = "1,2";
				TEST_HOST = "$(BUILT_PRODUCTS_DIR)/Mind.app/Mind";
			};
			name = Release;
		};
		C052EE362877509F005712AB /* Debug */ = {
			isa = XCBuildConfiguration;
			buildSettings = {
				ALWAYS_EMBED_SWIFT_STANDARD_LIBRARIES = YES;
				CODE_SIGN_STYLE = Automatic;
				CURRENT_PROJECT_VERSION = 1;
				GENERATE_INFOPLIST_FILE = YES;
				MARKETING_VERSION = 1.0;
				PRODUCT_BUNDLE_IDENTIFIER = OurWaveHub.MindUITests;
				PRODUCT_NAME = "$(TARGET_NAME)";
				SWIFT_EMIT_LOC_STRINGS = NO;
				SWIFT_VERSION = 5.0;
				TARGETED_DEVICE_FAMILY = "1,2";
				TEST_TARGET_NAME = Mind;
			};
			name = Debug;
		};
		C052EE372877509F005712AB /* Release */ = {
			isa = XCBuildConfiguration;
			buildSettings = {
				ALWAYS_EMBED_SWIFT_STANDARD_LIBRARIES = YES;
				CODE_SIGN_STYLE = Automatic;
				CURRENT_PROJECT_VERSION = 1;
				GENERATE_INFOPLIST_FILE = YES;
				MARKETING_VERSION = 1.0;
				PRODUCT_BUNDLE_IDENTIFIER = OurWaveHub.MindUITests;
				PRODUCT_NAME = "$(TARGET_NAME)";
				SWIFT_EMIT_LOC_STRINGS = NO;
				SWIFT_VERSION = 5.0;
				TARGETED_DEVICE_FAMILY = "1,2";
				TEST_TARGET_NAME = Mind;
			};
			name = Release;
		};
/* End XCBuildConfiguration section */

/* Begin XCConfigurationList section */
		C052EE062877509F005712AB /* Build configuration list for PBXProject "Mind" */ = {
			isa = XCConfigurationList;
			buildConfigurations = (
				C052EE2D2877509F005712AB /* Debug */,
				C052EE2E2877509F005712AB /* Release */,
			);
			defaultConfigurationIsVisible = 0;
			defaultConfigurationName = Release;
		};
		C052EE2F2877509F005712AB /* Build configuration list for PBXNativeTarget "Mind" */ = {
			isa = XCConfigurationList;
			buildConfigurations = (
				C052EE302877509F005712AB /* Debug */,
				C052EE312877509F005712AB /* Release */,
			);
			defaultConfigurationIsVisible = 0;
			defaultConfigurationName = Release;
		};
		C052EE322877509F005712AB /* Build configuration list for PBXNativeTarget "MindTests" */ = {
			isa = XCConfigurationList;
			buildConfigurations = (
				C052EE332877509F005712AB /* Debug */,
				C052EE342877509F005712AB /* Release */,
			);
			defaultConfigurationIsVisible = 0;
			defaultConfigurationName = Release;
		};
		C052EE352877509F005712AB /* Build configuration list for PBXNativeTarget "MindUITests" */ = {
			isa = XCConfigurationList;
			buildConfigurations = (
				C052EE362877509F005712AB /* Debug */,
				C052EE372877509F005712AB /* Release */,
			);
			defaultConfigurationIsVisible = 0;
			defaultConfigurationName = Release;
		};
/* End XCConfigurationList section */
	};
	rootObject = C052EE032877509F005712AB /* Project object */;
}
